
Microsoft Visual Studio Solution File, Format Version 12.00
# Visual Studio Version 16
VisualStudioVersion = 16.0.30717.126
MinimumVisualStudioVersion = 10.0.40219.1
Project("{FAE04EC0-301F-11D3-BF4B-00C04F79EFBC}") = "TuringMachine", "TuringMachine\TuringMachine.csproj", "{864AFE67-70D1-4382-9828-7FEC2B3F34FD}"
EndProject
Global
	GlobalSection(SolutionConfigurationPlatforms) = preSolution
		Debug|Any CPU = Debug|Any CPU
		Release|Any CPU = Release|Any CPU
	EndGlobalSection
	GlobalSection(ProjectConfigurationPlatforms) = postSolution
		{864AFE67-70D1-4382-9828-7FEC2B3F34FD}.Debug|Any CPU.ActiveCfg = Debug|Any CPU
		{864AFE67-70D1-4382-9828-7FEC2B3F34FD}.Debug|Any CPU.Build.0 = Debug|Any CPU
		{864AFE67-70D1-4382-9828-7FEC2B3F34FD}.Release|Any CPU.ActiveCfg = Release|Any CPU
		{864AFE67-70D1-4382-9828-7FEC2B3F34FD}.Release|Any CPU.Build.0 = Release|Any CPU
	EndGlobalSection
	GlobalSection(SolutionProperties) = preSolution
		HideSolutionNode = FALSE
	EndGlobalSection
	GlobalSection(ExtensibilityGlobals) = postSolution
		SolutionGuid = {5B63B5A0-DD3E-4486-9824-D7ACE217590D}
	EndGlobalSection
EndGlobal
